
Microsoft Visual Studio Solution File, Format Version 12.00
# Visual Studio Version 17
VisualStudioVersion = 17.3.32929.385
MinimumVisualStudioVersion = 10.0.40219.1
Project("{9A19103F-16F7-4668-BE54-9A1E7A4F7556}") = "QLNS", "QLNS\QLNS.csproj", "{929D4982-8D38-4F28-9D17-D130BD368519}"
EndProject
Global
	GlobalSection(SolutionConfigurationPlatforms) = preSolution
		Debug|Any CPU = Debug|Any CPU
		Release|Any CPU = Release|Any CPU
	EndGlobalSection
	GlobalSection(ProjectConfigurationPlatforms) = postSolution
		{929D4982-8D38-4F28-9D17-D130BD368519}.Debug|Any CPU.ActiveCfg = Debug|Any CPU
		{929D4982-8D38-4F28-9D17-D130BD368519}.Debug|Any CPU.Build.0 = Debug|Any CPU
		{929D4982-8D38-4F28-9D17-D130BD368519}.Release|Any CPU.ActiveCfg = Release|Any CPU
		{929D4982-8D38-4F28-9D17-D130BD368519}.Release|Any CPU.Build.0 = Release|Any CPU
	EndGlobalSection
	GlobalSection(SolutionProperties) = preSolution
		HideSolutionNode = FALSE
	EndGlobalSection
	GlobalSection(ExtensibilityGlobals) = postSolution
		SolutionGuid = {C16077F7-C35B-4898-BA28-AEB7D864DE1A}
	EndGlobalSection
EndGlobal
